{
  "name": "darkmessengercrypto",
  "version": "1.0.0",
  "lockfileVersion": 3,
  "requires": true,
  "packages": {
    "": {
      "name": "darkmessengercrypto",
      "version": "1.0.0",
      "license": "ISC",
      "dependencies": {
        "ntru": "^4.0.4"
      }
    },
    "node_modules/ntru": {
      "version": "4.0.4",
      "resolved": "https://registry.npmjs.org/ntru/-/ntru-4.0.4.tgz",
      "integrity": "sha512-2/scq6yXz1gVGmML5k+SoXaanuiRF4aojYeGpPbzIZt/shuSVBxhXSkxbE7/ZfvsX6oiTusQkSB6VNCfj16bsw==",
      "license": "MIT"
    }
  }
}
